// !$*UTF8*$!
{
	archiveVersion = 1;
	classes = {
	};
	objectVersion = 46;
	objects = {

/* Begin PBXBuildFile section */
		070A6E621DCC8BBB00B772C8 /* status.c in Sources */ = {isa = PBXBuildFile; fileRef = 070A6E5F1DCC8BBB00B772C8 /* status.c */; };
		070A6E641DCC8C5500B772C8 /* List.c in Sources */ = {isa = PBXBuildFile; fileRef = 070A6E631DCC8C5500B772C8 /* List.c */; };
		075D31131DE5E43A0067F7AB /* makefile in Sources */ = {isa = PBXBuildFile; fileRef = 075D31121DE5E43A0067F7AB /* makefile */; };
		07DB82F91DDF039400E933BB /* map.c in Sources */ = {isa = PBXBuildFile; fileRef = 07DB82F71DDF039400E933BB /* map.c */; };
		07DB82FB1DDF091E00E933BB /* TestMap.c in Sources */ = {isa = PBXBuildFile; fileRef = 07DB82FA1DDF091E00E933BB /* TestMap.c */; };
/* End PBXBuildFile section */

/* Begin PBXCopyFilesBuildPhase section */
		070A6E491DCC875100B772C8 /* CopyFiles */ = {
			isa = PBXCopyFilesBuildPhase;
			buildActionMask = 2147483647;
			dstPath = /usr/share/man/man1/;
			dstSubfolderSpec = 0;
			files = (
			);
			runOnlyForDeploymentPostprocessing = 1;
		};
/* End PBXCopyFilesBuildPhase section */

/* Begin PBXFileReference section */
		070A6E4B1DCC875200B772C8 /* GenericList */ = {isa = PBXFileReference; explicitFileType = "compiled.mach-o.executable"; includeInIndex = 0; path = GenericList; sourceTree = BUILT_PRODUCTS_DIR; };
		070A6E5D1DCC8BBB00B772C8 /* List.h */ = {isa = PBXFileReference; fileEncoding = 4; lastKnownFileType = sourcecode.c.h; path = List.h; sourceTree = "<group>"; };
		070A6E5F1DCC8BBB00B772C8 /* status.c */ = {isa = PBXFileReference; fileEncoding = 4; lastKnownFileType = sourcecode.c.c; path = status.c; sourceTree = "<group>"; };
		070A6E601DCC8BBB00B772C8 /* status.h */ = {isa = PBXFileReference; fileEncoding = 4; lastKnownFileType = sourcecode.c.h; path = status.h; sourceTree = "<group>"; };
		070A6E631DCC8C5500B772C8 /* List.c */ = {isa = PBXFileReference; fileEncoding = 4; lastKnownFileType = sourcecode.c.c; path = List.c; sourceTree = "<group>"; };
		075D31121DE5E43A0067F7AB /* makefile */ = {isa = PBXFileReference; fileEncoding = 4; lastKnownFileType = sourcecode.make; path = makefile; sourceTree = "<group>"; };
		07DB82F71DDF039400E933BB /* map.c */ = {isa = PBXFileReference; fileEncoding = 4; lastKnownFileType = sourcecode.c.c; path = map.c; sourceTree = "<group>"; };
		07DB82F81DDF039400E933BB /* map.h */ = {isa = PBXFileReference; fileEncoding = 4; lastKnownFileType = sourcecode.c.h; path = map.h; sourceTree = "<group>"; };
		07DB82FA1DDF091E00E933BB /* TestMap.c */ = {isa = PBXFileReference; fileEncoding = 4; lastKnownFileType = sourcecode.c.c; path = TestMap.c; sourceTree = "<group>"; };
		07DB82FC1DDF15AC00E933BB /* FRANCE.txt */ = {isa = PBXFileReference; fileEncoding = 4; lastKnownFileType = text; path = FRANCE.txt; sourceTree = "<group>"; };
/* End PBXFileReference section */

/* Begin PBXFrameworksBuildPhase section */
		070A6E481DCC875100B772C8 /* Frameworks */ = {
			isa = PBXFrameworksBuildPhase;
			buildActionMask = 2147483647;
			files = (
			);
			runOnlyForDeploymentPostprocessing = 0;
		};
/* End PBXFrameworksBuildPhase section */

/* Begin PBXGroup section */
		070A6E421DCC875100B772C8 = {
			isa = PBXGroup;
			children = (
				070A6E4D1DCC875200B772C8 /* GenericList */,
				070A6E4C1DCC875200B772C8 /* Products */,
			);
			sourceTree = "<group>";
		};
		070A6E4C1DCC875200B772C8 /* Products */ = {
			isa = PBXGroup;
			children = (
				070A6E4B1DCC875200B772C8 /* GenericList */,
			);
			name = Products;
			sourceTree = "<group>";
		};
		070A6E4D1DCC875200B772C8 /* GenericList */ = {
			isa = PBXGroup;
			children = (
				07DB82FC1DDF15AC00E933BB /* FRANCE.txt */,
				070A6E5D1DCC8BBB00B772C8 /* List.h */,
				070A6E5F1DCC8BBB00B772C8 /* status.c */,
				070A6E601DCC8BBB00B772C8 /* status.h */,
				070A6E631DCC8C5500B772C8 /* List.c */,
				075D31121DE5E43A0067F7AB /* makefile */,
				07DB82F71DDF039400E933BB /* map.c */,
				07DB82F81DDF039400E933BB /* map.h */,
				07DB82FA1DDF091E00E933BB /* TestMap.c */,
			);
			path = GenericList;
			sourceTree = "<group>";
		};
/* End PBXGroup section */

/* Begin PBXNativeTarget section */
		070A6E4A1DCC875100B772C8 /* GenericList */ = {
			isa = PBXNativeTarget;
			buildConfigurationList = 070A6E521DCC875200B772C8 /* Build configuration list for PBXNativeTarget "GenericList" */;
			buildPhases = (
				070A6E471DCC875100B772C8 /* Sources */,
				070A6E481DCC875100B772C8 /* Frameworks */,
				070A6E491DCC875100B772C8 /* CopyFiles */,
			);
			buildRules = (
			);
			dependencies = (
			);
			name = GenericList;
			productName = GenericList;
			productReference = 070A6E4B1DCC875200B772C8 /* GenericList */;
			productType = "com.apple.product-type.tool";
		};
/* End PBXNativeTarget section */

/* Begin PBXProject section */
		070A6E431DCC875100B772C8 /* Project object */ = {
			isa = PBXProject;
			attributes = {
				LastUpgradeCheck = 0810;
				ORGANIZATIONNAME = "Omar AlMadani";
				TargetAttributes = {
					070A6E4A1DCC875100B772C8 = {
						CreatedOnToolsVersion = 8.1;
						ProvisioningStyle = Automatic;
					};
				};
			};
			buildConfigurationList = 070A6E461DCC875100B772C8 /* Build configuration list for PBXProject "GenericList" */;
			compatibilityVersion = "Xcode 3.2";
			developmentRegion = English;
			hasScannedForEncodings = 0;
			knownRegions = (
				en,
			);
			mainGroup = 070A6E421DCC875100B772C8;
			productRefGroup = 070A6E4C1DCC875200B772C8 /* Products */;
			projectDirPath = "";
			projectRoot = "";
			targets = (
				070A6E4A1DCC875100B772C8 /* GenericList */,
			);
		};
/* End PBXProject section */

/* Begin PBXSourcesBuildPhase section */
		070A6E471DCC875100B772C8 /* Sources */ = {
			isa = PBXSourcesBuildPhase;
			buildActionMask = 2147483647;
			files = (
				070A6E621DCC8BBB00B772C8 /* status.c in Sources */,
				070A6E641DCC8C5500B772C8 /* List.c in Sources */,
				075D31131DE5E43A0067F7AB /* makefile in Sources */,
				07DB82FB1DDF091E00E933BB /* TestMap.c in Sources */,
				07DB82F91DDF039400E933BB /* map.c in Sources */,
			);
			runOnlyForDeploymentPostprocessing = 0;
		};
/* End PBXSourcesBuildPhase section */

/* Begin XCBuildConfiguration section */
		070A6E501DCC875200B772C8 /* Debug */ = {
			isa = XCBuildConfiguration;
			buildSettings = {
				ALWAYS_SEARCH_USER_PATHS = NO;
				CLANG_ANALYZER_NONNULL = YES;
				CLANG_CXX_LANGUAGE_STANDARD = "gnu++0x";
				CLANG_CXX_LIBRARY = "libc++";
				CLANG_ENABLE_MODULES = YES;
				CLANG_ENABLE_OBJC_ARC = YES;
				CLANG_WARN_BOOL_CONVERSION = YES;
				CLANG_WARN_CONSTANT_CONVERSION = YES;
				CLANG_WARN_DIRECT_OBJC_ISA_USAGE = YES_ERROR;
				CLANG_WARN_DOCUMENTATION_COMMENTS = YES;
				CLANG_WARN_EMPTY_BODY = YES;
				CLANG_WARN_ENUM_CONVERSION = YES;
				CLANG_WARN_INFINITE_RECURSION = YES;
				CLANG_WARN_INT_CONVERSION = YES;
				CLANG_WARN_OBJC_ROOT_CLASS = YES_ERROR;
				CLANG_WARN_SUSPICIOUS_MOVES = YES;
				CLANG_WARN_UNREACHABLE_CODE = YES;
				CLANG_WARN__DUPLICATE_METHOD_MATCH = YES;
				CODE_SIGN_IDENTITY = "-";
				COPY_PHASE_STRIP = NO;
				DEBUG_INFORMATION_FORMAT = dwarf;
				ENABLE_STRICT_OBJC_MSGSEND = YES;
				ENABLE_TESTABILITY = YES;
				GCC_C_LANGUAGE_STANDARD = gnu99;
				GCC_DYNAMIC_NO_PIC = NO;
				GCC_NO_COMMON_BLOCKS = YES;
				GCC_OPTIMIZATION_LEVEL = 0;
				GCC_PREPROCESSOR_DEFINITIONS = (
					"DEBUG=1",
					"$(inherited)",
				);
				GCC_WARN_64_TO_32_BIT_CONVERSION = YES;
				GCC_WARN_ABOUT_RETURN_TYPE = YES_ERROR;
				GCC_WARN_UNDECLARED_SELECTOR = YES;
				GCC_WARN_UNINITIALIZED_AUTOS = YES_AGGRESSIVE;
				GCC_WARN_UNUSED_FUNCTION = YES;
				GCC_WARN_UNUSED_VARIABLE = YES;
				MACOSX_DEPLOYMENT_TARGET = 10.12;
				MTL_ENABLE_DEBUG_INFO = YES;
				ONLY_ACTIVE_ARCH = YES;
				SDKROOT = macosx;
			};
			name = Debug;
		};
		070A6E511DCC875200B772C8 /* Release */ = {
			isa = XCBuildConfiguration;
			buildSettings = {
				ALWAYS_SEARCH_USER_PATHS = NO;
				CLANG_ANALYZER_NONNULL = YES;
				CLANG_CXX_LANGUAGE_STANDARD = "gnu++0x";
				CLANG_CXX_LIBRARY = "libc++";
				CLANG_ENABLE_MODULES = YES;
				CLANG_ENABLE_OBJC_ARC = YES;
				CLANG_WARN_BOOL_CONVERSION = YES;
				CLANG_WARN_CONSTANT_CONVERSION = YES;
				CLANG_WARN_DIRECT_OBJC_ISA_USAGE = YES_ERROR;
				CLANG_WARN_DOCUMENTATION_COMMENTS = YES;
				CLANG_WARN_EMPTY_BODY = YES;
				CLANG_WARN_ENUM_CONVERSION = YES;
				CLANG_WARN_INFINITE_RECURSION = YES;
				CLANG_WARN_INT_CONVERSION = YES;
				CLANG_WARN_OBJC_ROOT_CLASS = YES_ERROR;
				CLANG_WARN_SUSPICIOUS_MOVES = YES;
				CLANG_WARN_UNREACHABLE_CODE = YES;
				CLANG_WARN__DUPLICATE_METHOD_MATCH = YES;
				CODE_SIGN_IDENTITY = "-";
				COPY_PHASE_STRIP = NO;
				DEBUG_INFORMATION_FORMAT = "dwarf-with-dsym";
				ENABLE_NS_ASSERTIONS = NO;
				ENABLE_STRICT_OBJC_MSGSEND = YES;
				GCC_C_LANGUAGE_STANDARD = gnu99;
				GCC_NO_COMMON_BLOCKS = YES;
				GCC_WARN_64_TO_32_BIT_CONVERSION = YES;
				GCC_WARN_ABOUT_RETURN_TYPE = YES_ERROR;
				GCC_WARN_UNDECLARED_SELECTOR = YES;
				GCC_WARN_UNINITIALIZED_AUTOS = YES_AGGRESSIVE;
				GCC_WARN_UNUSED_FUNCTION = YES;
				GCC_WARN_UNUSED_VARIABLE = YES;
				MACOSX_DEPLOYMENT_TARGET = 10.12;
				MTL_ENABLE_DEBUG_INFO = NO;
				SDKROOT = macosx;
			};
			name = Release;
		};
		070A6E531DCC875200B772C8 /* Debug */ = {
			isa = XCBuildConfiguration;
			buildSettings = {
				PRODUCT_NAME = "$(TARGET_NAME)";
			};
			name = Debug;
		};
		070A6E541DCC875200B772C8 /* Release */ = {
			isa = XCBuildConfiguration;
			buildSettings = {
				PRODUCT_NAME = "$(TARGET_NAME)";
			};
			name = Release;
		};
/* End XCBuildConfiguration section */

/* Begin XCConfigurationList section */
		070A6E461DCC875100B772C8 /* Build configuration list for PBXProject "GenericList" */ = {
			isa = XCConfigurationList;
			buildConfigurations = (
				070A6E501DCC875200B772C8 /* Debug */,
				070A6E511DCC875200B772C8 /* Release */,
			);
			defaultConfigurationIsVisible = 0;
			defaultConfigurationName = Release;
		};
		070A6E521DCC875200B772C8 /* Build configuration list for PBXNativeTarget "GenericList" */ = {
			isa = XCConfigurationList;
			buildConfigurations = (
				070A6E531DCC875200B772C8 /* Debug */,
				070A6E541DCC875200B772C8 /* Release */,
			);
			defaultConfigurationIsVisible = 0;
			defaultConfigurationName = Release;
		};
/* End XCConfigurationList section */
	};
	rootObject = 070A6E431DCC875100B772C8 /* Project object */;
}
